{
  "name": "beaupre",
  "version": "1.0.0",
  "lockfileVersion": 3,
  "requires": true,
  "packages": {
    "": {
      "name": "beaupre",
      "version": "1.0.0",
      "license": "ISC",
      "dependencies": {
        "@fastify/session": "^10.8.0"
      }
    },
    "node_modules/@fastify/session": {
      "version": "10.8.0",
      "resolved": "https://registry.npmjs.org/@fastify/session/-/session-10.8.0.tgz",
      "integrity": "sha512-dLz6IuBd85KiuinrGsklNv33S0LEYX1/i0B29gzu3sGZh13rSZMDnNOq6OuH8oSBadRKBFOUkIJl7sQv/dFIfw==",
      "dependencies": {
        "fastify-plugin": "^4.0.0",
        "safe-stable-stringify": "^2.3.1"
      }
    },
    "node_modules/fastify-plugin": {
      "version": "4.5.1",
      "resolved": "https://registry.npmjs.org/fastify-plugin/-/fastify-plugin-4.5.1.tgz",
      "integrity": "sha512-stRHYGeuqpEZTL1Ef0Ovr2ltazUT9g844X5z/zEBFLG8RYlpDiOCIG+ATvYEp+/zmc7sN29mcIMp8gvYplYPIQ=="
    },
    "node_modules/safe-stable-stringify": {
      "version": "2.4.3",
      "resolved": "https://registry.npmjs.org/safe-stable-stringify/-/safe-stable-stringify-2.4.3.tgz",
      "integrity": "sha512-e2bDA2WJT0wxseVd4lsDP4+3ONX6HpMXQa1ZhFQ7SU+GjvORCmShbCMltrtIDfkYhVHrOcPtj+KhmDBdPdZD1g==",
      "engines": {
        "node": ">=10"
      }
    }
  }
}
